{
    "hash": "6cdbf507ed53985dce17c2759871da87",
    "packages": [
        {
            "name": "pimple/pimple",
            "version": "1.0.0",
            "source": {
                "type": "git",
                "url": "git://github.com/fabpot/Pimple.git",
                "reference": "v1.0.0"
            },
            "dist": {
                "type": "zip",
                "url": "https://github.com/fabpot/Pimple/zipball/v1.0.0",
                "reference": "v1.0.0",
                "shasum": ""
            },
            "require": {
                "php": ">=5.3.0"
            },
            "time": "2012-05-08 06:57:24",
            "type": "library",
            "extra": {
                "branch-alias": {
                    "dev-master": "1.0.x-dev"
                }
            },
            "installation-source": "dist",
            "autoload": {
                "psr-0": {
                    "Pimple": "lib/"
                }
            },
            "notification-url": "https://packagist.org/downloads/",
            "license": [
                "MIT"
            ],
            "authors": [
                {
                    "name": "Fabien Potencier",
                    "email": "fabien@symfony.com"
                }
            ],
            "description": "Pimple is a simple Dependency Injection Container for PHP 5.3",
            "homepage": "http://pimple.sensiolabs.org",
            "keywords": [
                "dependency injection",
                "container"
            ]
        },
        {
            "name": "symfony/console",
            "version": "v2.1.4",
            "target-dir": "Symfony/Component/Console",
            "source": {
                "type": "git",
                "url": "https://github.com/symfony/Console",
                "reference": "v2.1.4"
            },
            "dist": {
                "type": "zip",
                "url": "https://github.com/symfony/Console/archive/v2.1.4.zip",
                "reference": "v2.1.4",
                "shasum": ""
            },
            "require": {
                "php": ">=5.3.3"
            },
            "time": "2012-11-09 08:52:51",
            "type": "library",
            "extra": {
                "branch-alias": {
                    "dev-master": "2.1-dev"
                }
            },
            "installation-source": "source",
            "autoload": {
                "psr-0": {
                    "Symfony\\Component\\Console": ""
                }
            },
            "notification-url": "https://packagist.org/downloads/",
            "license": [
                "MIT"
            ],
            "authors": [
                {
                    "name": "Fabien Potencier",
                    "email": "fabien@symfony.com"
                },
                {
                    "name": "Symfony Community",
                    "homepage": "http://symfony.com/contributors"
                }
            ],
            "description": "Symfony Console Component",
            "homepage": "http://symfony.com"
        },
        {
            "name": "themattharris/tmhoauth",
            "version": "dev-master",
            "source": {
                "type": "git",
                "url": "https://github.com/kud/tmhoauth",
                "reference": "a3a296d13cd6b27a52715201a3bff0c1c2a2fd40"
            },
            "dist": {
                "type": "zip",
                "url": "https://github.com/kud/tmhoauth/archive/a3a296d13cd6b27a52715201a3bff0c1c2a2fd40.zip",
                "reference": "a3a296d13cd6b27a52715201a3bff0c1c2a2fd40",
                "shasum": ""
            },
            "time": "2012-03-27 13:46:18",
            "type": "library",
            "installation-source": "source",
            "autoload": {
                "psr-0": {
                    "Themattharris": "src"
                }
            },
            "notification-url": "https://packagist.org/downloads/",
            "authors": [
                {
                    "name": "Erwann MEST",
                    "email": "erwann.mest@gmail.com"
                },
                {
                    "name": "Matt Harris",
                    "email": "matt@themattharris.com"
                }
            ],
            "description": "An OAuth 1.0A library written in PHP"
        }
    ],
    "packages-dev": null,
    "aliases": [

    ],
    "minimum-stability": "stable",
    "stability-flags": {
        "themattharris/tmhoauth": 20
    }
}
