{
    "hash": "a1b47264482332fb6a8923d29fb81306",
    "packages": [
        {
            "name": "symfony/console",
            "version": "v2.1.0",
            "target-dir": "Symfony/Component/Console",
            "source": {
                "type": "git",
                "url": "https://github.com/symfony/Console",
                "reference": "v2.1.0-RC2"
            },
            "dist": {
                "type": "zip",
                "url": "https://github.com/symfony/Console/zipball/v2.1.0-RC2",
                "reference": "v2.1.0-RC2",
                "shasum": ""
            },
            "require": {
                "php": ">=5.3.3"
            },
            "time": "2012-08-22 06:48:41",
            "type": "library",
            "extra": {
                "branch-alias": {
                    "dev-master": "2.1-dev"
                }
            },
            "installation-source": "dist",
            "autoload": {
                "psr-0": {
                    "Symfony\\Component\\Console": ""
                }
            },
            "notification-url": "https://packagist.org/downloads/",
            "license": [
                "MIT"
            ],
            "authors": [
                {
                    "name": "Fabien Potencier",
                    "email": "fabien@symfony.com"
                },
                {
                    "name": "Symfony Community",
                    "homepage": "http://symfony.com/contributors"
                }
            ],
            "description": "Symfony Console Component",
            "homepage": "http://symfony.com"
        },
        {
            "name": "themattharris/tmhoauth",
            "version": "dev-master",
            "source": {
                "type": "git",
                "url": "https://github.com/kud/tmhoauth",
                "reference": "a3a296d13cd6b27a52715201a3bff0c1c2a2fd40"
            },
            "dist": {
                "type": "zip",
                "url": "https://github.com/kud/tmhoauth/archive/a3a296d13cd6b27a52715201a3bff0c1c2a2fd40.zip",
                "reference": "a3a296d13cd6b27a52715201a3bff0c1c2a2fd40",
                "shasum": ""
            },
            "time": "2012-03-27 13:46:18",
            "type": "library",
            "installation-source": "source",
            "autoload": {
                "psr-0": {
                    "Themattharris": "src"
                }
            },
            "notification-url": "https://packagist.org/downloads/",
            "authors": [
                {
                    "name": "Erwann MEST",
                    "email": "erwann.mest@gmail.com"
                },
                {
                    "name": "Matt Harris",
                    "email": "matt@themattharris.com"
                }
            ],
            "description": "An OAuth 1.0A library written in PHP"
        }
    ],
    "packages-dev": null,
    "aliases": [

    ],
    "minimum-stability": "stable",
    "stability-flags": {
        "themattharris/tmhoauth": 20
    }
}
